{
  "markbot": "ca8dff31132ba1c3bb9664ca08f7dd7247d2b8a7447b55bfaa34d088813e4d24",
  "index.html": "8e77b33617e86cfd19c9fc740bf7cc5579b7a62f68b1c912f96a8d405039cb55",
  "css/main.css": "bbeef18883c2b4d7bf5b1f5d9cc7d4338810da5511d27a90a9f46010dcc53ebd",
  "index-320.png": "bd014c8b5ac22c8f636740879cb4c67136dc80f083230e6e155f94f9a790df14"
}